
Microsoft Visual Studio Solution File, Format Version 12.00
# Visual Studio Version 16
VisualStudioVersion = 16.0.30517.126
MinimumVisualStudioVersion = 10.0.40219.1
Project("{FAE04EC0-301F-11D3-BF4B-00C04F79EFBC}") = "KerbalSimpit", "KerbalSimpit.csproj", "{ACABD7D1-82A2-4702-BAB2-A6DF2EF93602}"
EndProject
Project("{FAE04EC0-301F-11D3-BF4B-00C04F79EFBC}") = "WindowsInput", "KerbalSimpit\Contrib\InputSimulator\WindowsInput\WindowsInput.csproj", "{3549CD6F-80F8-450F-B99E-CF0A736B1F2A}"
EndProject
Global
	GlobalSection(SolutionConfigurationPlatforms) = preSolution
		Debug|Any CPU = Debug|Any CPU
		Release|Any CPU = Release|Any CPU
	EndGlobalSection
	GlobalSection(ProjectConfigurationPlatforms) = postSolution
		{ACABD7D1-82A2-4702-BAB2-A6DF2EF93602}.Debug|Any CPU.ActiveCfg = Debug|Any CPU
		{ACABD7D1-82A2-4702-BAB2-A6DF2EF93602}.Debug|Any CPU.Build.0 = Debug|Any CPU
		{ACABD7D1-82A2-4702-BAB2-A6DF2EF93602}.Release|Any CPU.ActiveCfg = Release|Any CPU
		{ACABD7D1-82A2-4702-BAB2-A6DF2EF93602}.Release|Any CPU.Build.0 = Release|Any CPU
		{3549CD6F-80F8-450F-B99E-CF0A736B1F2A}.Debug|Any CPU.ActiveCfg = Debug|Any CPU
		{3549CD6F-80F8-450F-B99E-CF0A736B1F2A}.Debug|Any CPU.Build.0 = Debug|Any CPU
		{3549CD6F-80F8-450F-B99E-CF0A736B1F2A}.Release|Any CPU.ActiveCfg = Release|Any CPU
		{3549CD6F-80F8-450F-B99E-CF0A736B1F2A}.Release|Any CPU.Build.0 = Release|Any CPU
	EndGlobalSection
	GlobalSection(SolutionProperties) = preSolution
		HideSolutionNode = FALSE
	EndGlobalSection
	GlobalSection(ExtensibilityGlobals) = postSolution
		SolutionGuid = {6AA82C42-BDA1-4B49-9C6F-1DE87648D6DA}
	EndGlobalSection
EndGlobal
